PODS:
  - CryptoSwift (0.5.2)
  - Realm (1.0.2):
    - Realm/Headers (= 1.0.2)
  - Realm/Headers (1.0.2)
  - RealmSwift (1.0.2):
    - Realm (= 1.0.2)

DEPENDENCIES:
  - CryptoSwift
  - RealmSwift

SPEC CHECKSUMS:
  CryptoSwift: c1ef79f901b86099a6fe8b3c7524cf9f3f3c8c40
  Realm: 9d5c46a4d7d27958530a8dfc58f63a99e5c2cba3
  RealmSwift: 82f3ac5e24530143dddfde2033acc0d308f27d96

PODFILE CHECKSUM: 9ccb8e6b62972dee709d3aa9b61c0cc872b5d361

COCOAPODS: 1.0.1
