PODS:
  - CryptoSwift (0.6.0)
  - Realm (1.0.2):
    - Realm/Headers (= 1.0.2)
  - Realm/Headers (1.0.2)
  - RealmSwift (1.0.2):
    - Realm (= 1.0.2)

DEPENDENCIES:
  - CryptoSwift (from `https://github.com/krzyzanowskim/CryptoSwift`, branch `master`)
  - Realm (from `https://github.com/realm/realm-cocoa.git`, branch `master`)
  - RealmSwift (from `https://github.com/realm/realm-cocoa.git`, branch `master`)

EXTERNAL SOURCES:
  CryptoSwift:
    :branch: master
    :git: https://github.com/krzyzanowskim/CryptoSwift
  Realm:
    :branch: master
    :git: https://github.com/realm/realm-cocoa.git
    :submodules: true
  RealmSwift:
    :branch: master
    :git: https://github.com/realm/realm-cocoa.git
    :submodules: true

CHECKOUT OPTIONS:
  CryptoSwift:
    :commit: fd7bd483a67ab19351db38248ff82a26d8df7cbe
    :git: https://github.com/krzyzanowskim/CryptoSwift
  Realm:
    :commit: c508dee7e99411e74370de7dda89461c1688c611
    :git: https://github.com/realm/realm-cocoa.git
    :submodules: true
  RealmSwift:
    :commit: c508dee7e99411e74370de7dda89461c1688c611
    :git: https://github.com/realm/realm-cocoa.git
    :submodules: true

SPEC CHECKSUMS:
  CryptoSwift: 4a599b7241b8d3b857d6e2c28867d0bd5d1aae24
  Realm: 2948cfa3a05b7acc446abc4c124d443df646c8de
  RealmSwift: 4816c8608630a9a00bba6d726bb30b4bab6dd6bf

PODFILE CHECKSUM: ecc812db8b37b0ceda7392c14a89967407584423

COCOAPODS: 1.1.0.rc.2
